
Microsoft Visual Studio Solution File, Format Version 12.00
# Visual Studio 15
VisualStudioVersion = 15.0.27703.1
MinimumVisualStudioVersion = 10.0.40219.1
Project("{FAE04EC0-301F-11D3-BF4B-00C04F79EFBC}") = "TuReserva.Android", "TuReserva\TuReserva.Android\TuReserva.Android.csproj", "{6CE92A89-8087-4B40-98E6-F16B43E9887D}"
EndProject
Project("{FAE04EC0-301F-11D3-BF4B-00C04F79EFBC}") = "TuReserva.iOS", "TuReserva\TuReserva.iOS\TuReserva.iOS.csproj", "{4D61D6E5-63C8-4EB8-9C69-7517BB40A3AA}"
EndProject
Project("{FAE04EC0-301F-11D3-BF4B-00C04F79EFBC}") = "TuReserva", "TuReserva\TuReserva\TuReserva.csproj", "{3E6F4801-BA02-4A4F-B53E-9D16C70EC0EE}"
EndProject
Global
	GlobalSection(SolutionConfigurationPlatforms) = preSolution
		Ad-Hoc|Any CPU = Ad-Hoc|Any CPU
		Ad-Hoc|iPhone = Ad-Hoc|iPhone
		Ad-Hoc|iPhoneSimulator = Ad-Hoc|iPhoneSimulator
		AppStore|Any CPU = AppStore|Any CPU
		AppStore|iPhone = AppStore|iPhone
		AppStore|iPhoneSimulator = AppStore|iPhoneSimulator
		Debug|Any CPU = Debug|Any CPU
		Debug|iPhone = Debug|iPhone
		Debug|iPhoneSimulator = Debug|iPhoneSimulator
		Release|Any CPU = Release|Any CPU
		Release|iPhone = Release|iPhone
		Release|iPhoneSimulator = Release|iPhoneSimulator
	EndGlobalSection
	GlobalSection(ProjectConfigurationPlatforms) = postSolution
		{6CE92A89-8087-4B40-98E6-F16B43E9887D}.Ad-Hoc|Any CPU.ActiveCfg = Release|Any CPU
		{6CE92A89-8087-4B40-98E6-F16B43E9887D}.Ad-Hoc|Any CPU.Build.0 = Release|Any CPU
		{6CE92A89-8087-4B40-98E6-F16B43E9887D}.Ad-Hoc|Any CPU.Deploy.0 = Release|Any CPU
		{6CE92A89-8087-4B40-98E6-F16B43E9887D}.Ad-Hoc|iPhone.ActiveCfg = Release|Any CPU
		{6CE92A89-8087-4B40-98E6-F16B43E9887D}.Ad-Hoc|iPhone.Build.0 = Release|Any CPU
		{6CE92A89-8087-4B40-98E6-F16B43E9887D}.Ad-Hoc|iPhone.Deploy.0 = Release|Any CPU
		{6CE92A89-8087-4B40-98E6-F16B43E9887D}.Ad-Hoc|iPhoneSimulator.ActiveCfg = Release|Any CPU
		{6CE92A89-8087-4B40-98E6-F16B43E9887D}.Ad-Hoc|iPhoneSimulator.Build.0 = Release|Any CPU
		{6CE92A89-8087-4B40-98E6-F16B43E9887D}.Ad-Hoc|iPhoneSimulator.Deploy.0 = Release|Any CPU
		{6CE92A89-8087-4B40-98E6-F16B43E9887D}.AppStore|Any CPU.ActiveCfg = Release|Any CPU
		{6CE92A89-8087-4B40-98E6-F16B43E9887D}.AppStore|Any CPU.Build.0 = Release|Any CPU
		{6CE92A89-8087-4B40-98E6-F16B43E9887D}.AppStore|Any CPU.Deploy.0 = Release|Any CPU
		{6CE92A89-8087-4B40-98E6-F16B43E9887D}.AppStore|iPhone.ActiveCfg = Release|Any CPU
		{6CE92A89-8087-4B40-98E6-F16B43E9887D}.AppStore|iPhone.Build.0 = Release|Any CPU
		{6CE92A89-8087-4B40-98E6-F16B43E9887D}.AppStore|iPhone.Deploy.0 = Release|Any CPU
		{6CE92A89-8087-4B40-98E6-F16B43E9887D}.AppStore|iPhoneSimulator.ActiveCfg = Release|Any CPU
		{6CE92A89-8087-4B40-98E6-F16B43E9887D}.AppStore|iPhoneSimulator.Build.0 = Release|Any CPU
		{6CE92A89-8087-4B40-98E6-F16B43E9887D}.AppStore|iPhoneSimulator.Deploy.0 = Release|Any CPU
		{6CE92A89-8087-4B40-98E6-F16B43E9887D}.Debug|Any CPU.ActiveCfg = Debug|Any CPU
		{6CE92A89-8087-4B40-98E6-F16B43E9887D}.Debug|Any CPU.Build.0 = Debug|Any CPU
		{6CE92A89-8087-4B40-98E6-F16B43E9887D}.Debug|Any CPU.Deploy.0 = Debug|Any CPU
		{6CE92A89-8087-4B40-98E6-F16B43E9887D}.Debug|iPhone.ActiveCfg = Debug|Any CPU
		{6CE92A89-8087-4B40-98E6-F16B43E9887D}.Debug|iPhone.Build.0 = Debug|Any CPU
		{6CE92A89-8087-4B40-98E6-F16B43E9887D}.Debug|iPhone.Deploy.0 = Debug|Any CPU
		{6CE92A89-8087-4B40-98E6-F16B43E9887D}.Debug|iPhoneSimulator.ActiveCfg = Debug|Any CPU
		{6CE92A89-8087-4B40-98E6-F16B43E9887D}.Debug|iPhoneSimulator.Build.0 = Debug|Any CPU
		{6CE92A89-8087-4B40-98E6-F16B43E9887D}.Debug|iPhoneSimulator.Deploy.0 = Debug|Any CPU
		{6CE92A89-8087-4B40-98E6-F16B43E9887D}.Release|Any CPU.ActiveCfg = Release|Any CPU
		{6CE92A89-8087-4B40-98E6-F16B43E9887D}.Release|Any CPU.Build.0 = Release|Any CPU
		{6CE92A89-8087-4B40-98E6-F16B43E9887D}.Release|Any CPU.Deploy.0 = Release|Any CPU
		{6CE92A89-8087-4B40-98E6-F16B43E9887D}.Release|iPhone.ActiveCfg = Release|Any CPU
		{6CE92A89-8087-4B40-98E6-F16B43E9887D}.Release|iPhone.Build.0 = Release|Any CPU
		{6CE92A89-8087-4B40-98E6-F16B43E9887D}.Release|iPhone.Deploy.0 = Release|Any CPU
		{6CE92A89-8087-4B40-98E6-F16B43E9887D}.Release|iPhoneSimulator.ActiveCfg = Release|Any CPU
		{6CE92A89-8087-4B40-98E6-F16B43E9887D}.Release|iPhoneSimulator.Build.0 = Release|Any CPU
		{6CE92A89-8087-4B40-98E6-F16B43E9887D}.Release|iPhoneSimulator.Deploy.0 = Release|Any CPU
		{4D61D6E5-63C8-4EB8-9C69-7517BB40A3AA}.Ad-Hoc|Any CPU.ActiveCfg = Ad-Hoc|iPhone
		{4D61D6E5-63C8-4EB8-9C69-7517BB40A3AA}.Ad-Hoc|Any CPU.Build.0 = Ad-Hoc|iPhone
		{4D61D6E5-63C8-4EB8-9C69-7517BB40A3AA}.Ad-Hoc|Any CPU.Deploy.0 = Ad-Hoc|iPhone
		{4D61D6E5-63C8-4EB8-9C69-7517BB40A3AA}.Ad-Hoc|iPhone.ActiveCfg = Ad-Hoc|iPhone
		{4D61D6E5-63C8-4EB8-9C69-7517BB40A3AA}.Ad-Hoc|iPhone.Build.0 = Ad-Hoc|iPhone
		{4D61D6E5-63C8-4EB8-9C69-7517BB40A3AA}.Ad-Hoc|iPhone.Deploy.0 = Ad-Hoc|iPhone
		{4D61D6E5-63C8-4EB8-9C69-7517BB40A3AA}.Ad-Hoc|iPhoneSimulator.ActiveCfg = Ad-Hoc|iPhoneSimulator
		{4D61D6E5-63C8-4EB8-9C69-7517BB40A3AA}.Ad-Hoc|iPhoneSimulator.Build.0 = Ad-Hoc|iPhoneSimulator
		{4D61D6E5-63C8-4EB8-9C69-7517BB40A3AA}.Ad-Hoc|iPhoneSimulator.Deploy.0 = Ad-Hoc|iPhoneSimulator
		{4D61D6E5-63C8-4EB8-9C69-7517BB40A3AA}.AppStore|Any CPU.ActiveCfg = AppStore|iPhone
		{4D61D6E5-63C8-4EB8-9C69-7517BB40A3AA}.AppStore|Any CPU.Build.0 = AppStore|iPhone
		{4D61D6E5-63C8-4EB8-9C69-7517BB40A3AA}.AppStore|Any CPU.Deploy.0 = AppStore|iPhone
		{4D61D6E5-63C8-4EB8-9C69-7517BB40A3AA}.AppStore|iPhone.ActiveCfg = AppStore|iPhone
		{4D61D6E5-63C8-4EB8-9C69-7517BB40A3AA}.AppStore|iPhone.Build.0 = AppStore|iPhone
		{4D61D6E5-63C8-4EB8-9C69-7517BB40A3AA}.AppStore|iPhone.Deploy.0 = AppStore|iPhone
		{4D61D6E5-63C8-4EB8-9C69-7517BB40A3AA}.AppStore|iPhoneSimulator.ActiveCfg = AppStore|iPhoneSimulator
		{4D61D6E5-63C8-4EB8-9C69-7517BB40A3AA}.AppStore|iPhoneSimulator.Build.0 = AppStore|iPhoneSimulator
		{4D61D6E5-63C8-4EB8-9C69-7517BB40A3AA}.AppStore|iPhoneSimulator.Deploy.0 = AppStore|iPhoneSimulator
		{4D61D6E5-63C8-4EB8-9C69-7517BB40A3AA}.Debug|Any CPU.ActiveCfg = Debug|iPhoneSimulator
		{4D61D6E5-63C8-4EB8-9C69-7517BB40A3AA}.Debug|Any CPU.Build.0 = Debug|iPhoneSimulator
		{4D61D6E5-63C8-4EB8-9C69-7517BB40A3AA}.Debug|Any CPU.Deploy.0 = Debug|iPhoneSimulator
		{4D61D6E5-63C8-4EB8-9C69-7517BB40A3AA}.Debug|iPhone.ActiveCfg = Debug|iPhone
		{4D61D6E5-63C8-4EB8-9C69-7517BB40A3AA}.Debug|iPhone.Build.0 = Debug|iPhone
		{4D61D6E5-63C8-4EB8-9C69-7517BB40A3AA}.Debug|iPhone.Deploy.0 = Debug|iPhone
		{4D61D6E5-63C8-4EB8-9C69-7517BB40A3AA}.Debug|iPhoneSimulator.ActiveCfg = Debug|iPhoneSimulator
		{4D61D6E5-63C8-4EB8-9C69-7517BB40A3AA}.Debug|iPhoneSimulator.Build.0 = Debug|iPhoneSimulator
		{4D61D6E5-63C8-4EB8-9C69-7517BB40A3AA}.Debug|iPhoneSimulator.Deploy.0 = Debug|iPhoneSimulator
		{4D61D6E5-63C8-4EB8-9C69-7517BB40A3AA}.Release|Any CPU.ActiveCfg = Release|iPhone
		{4D61D6E5-63C8-4EB8-9C69-7517BB40A3AA}.Release|Any CPU.Build.0 = Release|iPhone
		{4D61D6E5-63C8-4EB8-9C69-7517BB40A3AA}.Release|Any CPU.Deploy.0 = Release|iPhone
		{4D61D6E5-63C8-4EB8-9C69-7517BB40A3AA}.Release|iPhone.ActiveCfg = Release|iPhone
		{4D61D6E5-63C8-4EB8-9C69-7517BB40A3AA}.Release|iPhone.Build.0 = Release|iPhone
		{4D61D6E5-63C8-4EB8-9C69-7517BB40A3AA}.Release|iPhone.Deploy.0 = Release|iPhone
		{4D61D6E5-63C8-4EB8-9C69-7517BB40A3AA}.Release|iPhoneSimulator.ActiveCfg = Release|iPhoneSimulator
		{4D61D6E5-63C8-4EB8-9C69-7517BB40A3AA}.Release|iPhoneSimulator.Build.0 = Release|iPhoneSimulator
		{4D61D6E5-63C8-4EB8-9C69-7517BB40A3AA}.Release|iPhoneSimulator.Deploy.0 = Release|iPhoneSimulator
		{3E6F4801-BA02-4A4F-B53E-9D16C70EC0EE}.Ad-Hoc|Any CPU.ActiveCfg = Debug|Any CPU
		{3E6F4801-BA02-4A4F-B53E-9D16C70EC0EE}.Ad-Hoc|Any CPU.Build.0 = Debug|Any CPU
		{3E6F4801-BA02-4A4F-B53E-9D16C70EC0EE}.Ad-Hoc|Any CPU.Deploy.0 = Debug|Any CPU
		{3E6F4801-BA02-4A4F-B53E-9D16C70EC0EE}.Ad-Hoc|iPhone.ActiveCfg = Debug|Any CPU
		{3E6F4801-BA02-4A4F-B53E-9D16C70EC0EE}.Ad-Hoc|iPhone.Build.0 = Debug|Any CPU
		{3E6F4801-BA02-4A4F-B53E-9D16C70EC0EE}.Ad-Hoc|iPhone.Deploy.0 = Debug|Any CPU
		{3E6F4801-BA02-4A4F-B53E-9D16C70EC0EE}.Ad-Hoc|iPhoneSimulator.ActiveCfg = Debug|Any CPU
		{3E6F4801-BA02-4A4F-B53E-9D16C70EC0EE}.Ad-Hoc|iPhoneSimulator.Build.0 = Debug|Any CPU
		{3E6F4801-BA02-4A4F-B53E-9D16C70EC0EE}.Ad-Hoc|iPhoneSimulator.Deploy.0 = Debug|Any CPU
		{3E6F4801-BA02-4A4F-B53E-9D16C70EC0EE}.AppStore|Any CPU.ActiveCfg = Debug|Any CPU
		{3E6F4801-BA02-4A4F-B53E-9D16C70EC0EE}.AppStore|Any CPU.Build.0 = Debug|Any CPU
		{3E6F4801-BA02-4A4F-B53E-9D16C70EC0EE}.AppStore|Any CPU.Deploy.0 = Debug|Any CPU
		{3E6F4801-BA02-4A4F-B53E-9D16C70EC0EE}.AppStore|iPhone.ActiveCfg = Debug|Any CPU
		{3E6F4801-BA02-4A4F-B53E-9D16C70EC0EE}.AppStore|iPhone.Build.0 = Debug|Any CPU
		{3E6F4801-BA02-4A4F-B53E-9D16C70EC0EE}.AppStore|iPhone.Deploy.0 = Debug|Any CPU
		{3E6F4801-BA02-4A4F-B53E-9D16C70EC0EE}.AppStore|iPhoneSimulator.ActiveCfg = Debug|Any CPU
		{3E6F4801-BA02-4A4F-B53E-9D16C70EC0EE}.AppStore|iPhoneSimulator.Build.0 = Debug|Any CPU
		{3E6F4801-BA02-4A4F-B53E-9D16C70EC0EE}.AppStore|iPhoneSimulator.Deploy.0 = Debug|Any CPU
		{3E6F4801-BA02-4A4F-B53E-9D16C70EC0EE}.Debug|Any CPU.ActiveCfg = Debug|Any CPU
		{3E6F4801-BA02-4A4F-B53E-9D16C70EC0EE}.Debug|Any CPU.Build.0 = Debug|Any CPU
		{3E6F4801-BA02-4A4F-B53E-9D16C70EC0EE}.Debug|Any CPU.Deploy.0 = Debug|Any CPU
		{3E6F4801-BA02-4A4F-B53E-9D16C70EC0EE}.Debug|iPhone.ActiveCfg = Debug|Any CPU
		{3E6F4801-BA02-4A4F-B53E-9D16C70EC0EE}.Debug|iPhone.Build.0 = Debug|Any CPU
		{3E6F4801-BA02-4A4F-B53E-9D16C70EC0EE}.Debug|iPhone.Deploy.0 = Debug|Any CPU
		{3E6F4801-BA02-4A4F-B53E-9D16C70EC0EE}.Debug|iPhoneSimulator.ActiveCfg = Debug|Any CPU
		{3E6F4801-BA02-4A4F-B53E-9D16C70EC0EE}.Debug|iPhoneSimulator.Build.0 = Debug|Any CPU
		{3E6F4801-BA02-4A4F-B53E-9D16C70EC0EE}.Debug|iPhoneSimulator.Deploy.0 = Debug|Any CPU
		{3E6F4801-BA02-4A4F-B53E-9D16C70EC0EE}.Release|Any CPU.ActiveCfg = Release|Any CPU
		{3E6F4801-BA02-4A4F-B53E-9D16C70EC0EE}.Release|Any CPU.Build.0 = Release|Any CPU
		{3E6F4801-BA02-4A4F-B53E-9D16C70EC0EE}.Release|Any CPU.Deploy.0 = Release|Any CPU
		{3E6F4801-BA02-4A4F-B53E-9D16C70EC0EE}.Release|iPhone.ActiveCfg = Release|Any CPU
		{3E6F4801-BA02-4A4F-B53E-9D16C70EC0EE}.Release|iPhone.Build.0 = Release|Any CPU
		{3E6F4801-BA02-4A4F-B53E-9D16C70EC0EE}.Release|iPhone.Deploy.0 = Release|Any CPU
		{3E6F4801-BA02-4A4F-B53E-9D16C70EC0EE}.Release|iPhoneSimulator.ActiveCfg = Release|Any CPU
		{3E6F4801-BA02-4A4F-B53E-9D16C70EC0EE}.Release|iPhoneSimulator.Build.0 = Release|Any CPU
		{3E6F4801-BA02-4A4F-B53E-9D16C70EC0EE}.Release|iPhoneSimulator.Deploy.0 = Release|Any CPU
	EndGlobalSection
	GlobalSection(SolutionProperties) = preSolution
		HideSolutionNode = FALSE
	EndGlobalSection
	GlobalSection(ExtensibilityGlobals) = postSolution
		SolutionGuid = {28596757-F696-475F-BDEB-DAADB7B1C29A}
	EndGlobalSection
EndGlobal
